
Microsoft Visual Studio Solution File, Format Version 12.00
# Visual Studio 15
VisualStudioVersion = 15.0.28307.106
MinimumVisualStudioVersion = 10.0.40219.1
Project("{FAE04EC0-301F-11D3-BF4B-00C04F79EFBC}") = "DotnetCoreMinio", "DotnetCoreMinio\DotnetCoreMinio.csproj", "{DA82C80C-04EF-4C7F-861B-0982CB1CC940}"
EndProject
Project("{2150E333-8FDC-42A3-9474-1A3956D46DE8}") = "Solution Items", "Solution Items", "{2757E216-0FC7-4315-9C81-53EB955EE986}"
	ProjectSection(SolutionItems) = preProject
		..\README.md = ..\README.md
	EndProjectSection
EndProject
Global
	GlobalSection(SolutionConfigurationPlatforms) = preSolution
		Debug|Any CPU = Debug|Any CPU
		Release|Any CPU = Release|Any CPU
	EndGlobalSection
	GlobalSection(ProjectConfigurationPlatforms) = postSolution
		{DA82C80C-04EF-4C7F-861B-0982CB1CC940}.Debug|Any CPU.ActiveCfg = Debug|Any CPU
		{DA82C80C-04EF-4C7F-861B-0982CB1CC940}.Debug|Any CPU.Build.0 = Debug|Any CPU
		{DA82C80C-04EF-4C7F-861B-0982CB1CC940}.Release|Any CPU.ActiveCfg = Release|Any CPU
		{DA82C80C-04EF-4C7F-861B-0982CB1CC940}.Release|Any CPU.Build.0 = Release|Any CPU
	EndGlobalSection
	GlobalSection(SolutionProperties) = preSolution
		HideSolutionNode = FALSE
	EndGlobalSection
	GlobalSection(ExtensibilityGlobals) = postSolution
		SolutionGuid = {C6AE506A-C0DC-468A-9643-540C6D7E181A}
	EndGlobalSection
EndGlobal
